lockfileVersion: '9.0'

settings:
  autoInstallPeers: true
  excludeLinksFromLockfile: false

importers:

  .:
    dependencies:
      '@modelcontextprotocol/server':
        specifier: ^2.3.0
        version: 2.3.0
      zod:
        specifier: ^4.6.5
        version: 4.6.5

packages:

  '@modelcontextprotocol/core@2.3.0':
    resolution: {integrity: sha512-09BHFaNVBe5pB2AhzCfLj0cqmsKLERvZQ4FblzP90UMGLaXVqdZPByFjURwsUYCmxonUW2yAwgTTvle+8O2/8w==}
    engines: {node: '>=20'}

  '@modelcontextprotocol/server@2.3.0':
    resolution: {integrity: sha512-+6b0LdsQLmHsvS7J6sQJ4weTpzUn61fU1JKS+321/+IyDYoHW5CR2Tgqcs6GgAAQvlesCo6yX3xttgmx+XGtJw==}
    engines: {node: '>=20'}

  zod@4.6.5:
    resolution: {integrity: sha512-v5l/aFXZQeai4awLbOpSoHecE9UiMrnfx75tEXLjNonXVARxQ5mOeipTjROUchszUNCqnE+hqAMujRsRHsut2Q==}

snapshots:

  '@modelcontextprotocol/core@2.3.0':
    dependencies:
      zod: 4.6.5

  '@modelcontextprotocol/server@2.3.0':
    dependencies:
      '@modelcontextprotocol/core': 2.3.0
      zod: 4.6.5

  zod@4.6.5: {}
